
Microsoft Visual Studio Solution File, Format Version 12.00
# Visual Studio Version 17
VisualStudioVersion = 17.2.32516.85
MinimumVisualStudioVersion = 10.0.40219.1
Project("{8BC9CEB8-8B4A-11D0-8D11-00A0C91BC942}") = "Lab501", "Lab501.vcxproj", "{8227D8CF-5D44-4D79-B4A5-4ED987114F39}"
EndProject
Global
	GlobalSection(SolutionConfigurationPlatforms) = preSolution
		Debug|x64 = Debug|x64
		Debug|x86 = Debug|x86
		Release|x64 = Release|x64
		Release|x86 = Release|x86
	EndGlobalSection
	GlobalSection(ProjectConfigurationPlatforms) = postSolution
		{8227D8CF-5D44-4D79-B4A5-4ED987114F39}.Debug|x64.ActiveCfg = Debug|x64
		{8227D8CF-5D44-4D79-B4A5-4ED987114F39}.Debug|x64.Build.0 = Debug|x64
		{8227D8CF-5D44-4D79-B4A5-4ED987114F39}.Debug|x86.ActiveCfg = Debug|Win32
		{8227D8CF-5D44-4D79-B4A5-4ED987114F39}.Debug|x86.Build.0 = Debug|Win32
		{8227D8CF-5D44-4D79-B4A5-4ED987114F39}.Release|x64.ActiveCfg = Release|x64
		{8227D8CF-5D44-4D79-B4A5-4ED987114F39}.Release|x64.Build.0 = Release|x64
		{8227D8CF-5D44-4D79-B4A5-4ED987114F39}.Release|x86.ActiveCfg = Release|Win32
		{8227D8CF-5D44-4D79-B4A5-4ED987114F39}.Release|x86.Build.0 = Release|Win32
	EndGlobalSection
	GlobalSection(SolutionProperties) = preSolution
		HideSolutionNode = FALSE
	EndGlobalSection
	GlobalSection(ExtensibilityGlobals) = postSolution
		SolutionGuid = {2F24A88F-78DF-4D36-9728-87C0DA0AE4BA}
	EndGlobalSection
EndGlobal
